// !$*UTF8*$!
{
	archiveVersion = 1;
	classes = {
	};
	objectVersion = 56;
	objects = {

/* Begin PBXBuildFile section */
		7E7385082A779AC50010CA32 /* AppDelegate.swift in Sources */ = {isa = PBXBuildFile; fileRef = 7E7385072A779AC50010CA32 /* AppDelegate.swift */; };
		7E73850A2A779AC50010CA32 /* SceneDelegate.swift in Sources */ = {isa = PBXBuildFile; fileRef = 7E7385092A779AC50010CA32 /* SceneDelegate.swift */; };
		7E73850C2A779AC50010CA32 /* MovieDetailViewController.swift in Sources */ = {isa = PBXBuildFile; fileRef = 7E73850B2A779AC50010CA32 /* MovieDetailViewController.swift */; };
		7E73850F2A779AC50010CA32 /* Main.storyboard in Resources */ = {isa = PBXBuildFile; fileRef = 7E73850D2A779AC50010CA32 /* Main.storyboard */; };
		7E7385112A779AC70010CA32 /* Assets.xcassets in Resources */ = {isa = PBXBuildFile; fileRef = 7E7385102A779AC70010CA32 /* Assets.xcassets */; };
		7E7385142A779AC70010CA32 /* LaunchScreen.storyboard in Resources */ = {isa = PBXBuildFile; fileRef = 7E7385122A779AC70010CA32 /* LaunchScreen.storyboard */; };
		7E7385232A779C440010CA32 /* MovieCollectionViewController.swift in Sources */ = {isa = PBXBuildFile; fileRef = 7E7385222A779C440010CA32 /* MovieCollectionViewController.swift */; };
		7E7385252A779C670010CA32 /* SearchViewController.swift in Sources */ = {isa = PBXBuildFile; fileRef = 7E7385242A779C670010CA32 /* SearchViewController.swift */; };
		7E7385282A779CCA0010CA32 /* Movie.swift in Sources */ = {isa = PBXBuildFile; fileRef = 7E7385272A779CCA0010CA32 /* Movie.swift */; };
		7E73852A2A779CD90010CA32 /* MovieData.swift in Sources */ = {isa = PBXBuildFile; fileRef = 7E7385292A779CD90010CA32 /* MovieData.swift */; };
		7E73852D2A77A1CD0010CA32 /* MovieCollectionViewCell.swift in Sources */ = {isa = PBXBuildFile; fileRef = 7E73852B2A77A1CD0010CA32 /* MovieCollectionViewCell.swift */; };
		7E73852E2A77A1CD0010CA32 /* MovieCollectionViewCell.xib in Resources */ = {isa = PBXBuildFile; fileRef = 7E73852C2A77A1CD0010CA32 /* MovieCollectionViewCell.xib */; };
		7E7385382A7920AD0010CA32 /* Extension+UIView.swift in Sources */ = {isa = PBXBuildFile; fileRef = 7E7385372A7920AD0010CA32 /* Extension+UIView.swift */; };
		7E7385402A7A30760010CA32 /* BrowseViewController.swift in Sources */ = {isa = PBXBuildFile; fileRef = 7E73853F2A7A30760010CA32 /* BrowseViewController.swift */; };
		7E7385472A7A31D30010CA32 /* BrowseTableViewCell.swift in Sources */ = {isa = PBXBuildFile; fileRef = 7E7385452A7A31D30010CA32 /* BrowseTableViewCell.swift */; };
		7E7385482A7A31D30010CA32 /* BrowseTableViewCell.xib in Resources */ = {isa = PBXBuildFile; fileRef = 7E7385462A7A31D30010CA32 /* BrowseTableViewCell.xib */; };
		7E73854D2A7A3D530010CA32 /* BrowseCollectionViewCell.swift in Sources */ = {isa = PBXBuildFile; fileRef = 7E73854B2A7A3D530010CA32 /* BrowseCollectionViewCell.swift */; };
		7E73854E2A7A3D530010CA32 /* BrowseCollectionViewCell.xib in Resources */ = {isa = PBXBuildFile; fileRef = 7E73854C2A7A3D530010CA32 /* BrowseCollectionViewCell.xib */; };
		7EA0A87A2A83787800CD10ED /* Alamofire in Frameworks */ = {isa = PBXBuildFile; productRef = 7EA0A8792A83787800CD10ED /* Alamofire */; };
		7EA0A87D2A83788300CD10ED /* SwiftyJSON in Frameworks */ = {isa = PBXBuildFile; productRef = 7EA0A87C2A83788300CD10ED /* SwiftyJSON */; };
		7EA0A8802A83788F00CD10ED /* Kingfisher in Frameworks */ = {isa = PBXBuildFile; productRef = 7EA0A87F2A83788F00CD10ED /* Kingfisher */; };
		7EA0A8822A837CB800CD10ED /* .gitignore in Resources */ = {isa = PBXBuildFile; fileRef = 7EA0A8812A837CB800CD10ED /* .gitignore */; };
/* End PBXBuildFile section */

/* Begin PBXFileReference section */
		7E7385042A779AC50010CA32 /* BookWorm.app */ = {isa = PBXFileReference; explicitFileType = wrapper.application; includeInIndex = 0; path = BookWorm.app; sourceTree = BUILT_PRODUCTS_DIR; };
		7E7385072A779AC50010CA32 /* AppDelegate.swift */ = {isa = PBXFileReference; lastKnownFileType = sourcecode.swift; path = AppDelegate.swift; sourceTree = "<group>"; };
		7E7385092A779AC50010CA32 /* SceneDelegate.swift */ = {isa = PBXFileReference; lastKnownFileType = sourcecode.swift; path = SceneDelegate.swift; sourceTree = "<group>"; };
		7E73850B2A779AC50010CA32 /* MovieDetailViewController.swift */ = {isa = PBXFileReference; lastKnownFileType = sourcecode.swift; path = MovieDetailViewController.swift; sourceTree = "<group>"; };
		7E73850E2A779AC50010CA32 /* Base */ = {isa = PBXFileReference; lastKnownFileType = file.storyboard; name = Base; path = Base.lproj/Main.storyboard; sourceTree = "<group>"; };
		7E7385102A779AC70010CA32 /* Assets.xcassets */ = {isa = PBXFileReference; lastKnownFileType = folder.assetcatalog; path = Assets.xcassets; sourceTree = "<group>"; };
		7E7385132A779AC70010CA32 /* Base */ = {isa = PBXFileReference; lastKnownFileType = file.storyboard; name = Base; path = Base.lproj/LaunchScreen.storyboard; sourceTree = "<group>"; };
		7E7385152A779AC70010CA32 /* Info.plist */ = {isa = PBXFileReference; lastKnownFileType = text.plist.xml; path = Info.plist; sourceTree = "<group>"; };
		7E7385222A779C440010CA32 /* MovieCollectionViewController.swift */ = {isa = PBXFileReference; lastKnownFileType = sourcecode.swift; path = MovieCollectionViewController.swift; sourceTree = "<group>"; };
		7E7385242A779C670010CA32 /* SearchViewController.swift */ = {isa = PBXFileReference; lastKnownFileType = sourcecode.swift; path = SearchViewController.swift; sourceTree = "<group>"; };
		7E7385272A779CCA0010CA32 /* Movie.swift */ = {isa = PBXFileReference; lastKnownFileType = sourcecode.swift; path = Movie.swift; sourceTree = "<group>"; };
		7E7385292A779CD90010CA32 /* MovieData.swift */ = {isa = PBXFileReference; lastKnownFileType = sourcecode.swift; path = MovieData.swift; sourceTree = "<group>"; };
		7E73852B2A77A1CD0010CA32 /* MovieCollectionViewCell.swift */ = {isa = PBXFileReference; lastKnownFileType = sourcecode.swift; path = MovieCollectionViewCell.swift; sourceTree = "<group>"; };
		7E73852C2A77A1CD0010CA32 /* MovieCollectionViewCell.xib */ = {isa = PBXFileReference; lastKnownFileType = file.xib; path = MovieCollectionViewCell.xib; sourceTree = "<group>"; };
		7E7385372A7920AD0010CA32 /* Extension+UIView.swift */ = {isa = PBXFileReference; lastKnownFileType = sourcecode.swift; path = "Extension+UIView.swift"; sourceTree = "<group>"; };
		7E73853F2A7A30760010CA32 /* BrowseViewController.swift */ = {isa = PBXFileReference; lastKnownFileType = sourcecode.swift; path = BrowseViewController.swift; sourceTree = "<group>"; };
		7E7385452A7A31D30010CA32 /* BrowseTableViewCell.swift */ = {isa = PBXFileReference; lastKnownFileType = sourcecode.swift; path = BrowseTableViewCell.swift; sourceTree = "<group>"; };
		7E7385462A7A31D30010CA32 /* BrowseTableViewCell.xib */ = {isa = PBXFileReference; lastKnownFileType = file.xib; path = BrowseTableViewCell.xib; sourceTree = "<group>"; };
		7E73854B2A7A3D530010CA32 /* BrowseCollectionViewCell.swift */ = {isa = PBXFileReference; lastKnownFileType = sourcecode.swift; path = BrowseCollectionViewCell.swift; sourceTree = "<group>"; };
		7E73854C2A7A3D530010CA32 /* BrowseCollectionViewCell.xib */ = {isa = PBXFileReference; lastKnownFileType = file.xib; path = BrowseCollectionViewCell.xib; sourceTree = "<group>"; };
		7EA0A8812A837CB800CD10ED /* .gitignore */ = {isa = PBXFileReference; lastKnownFileType = text; path = .gitignore; sourceTree = "<group>"; };
/* End PBXFileReference section */

/* Begin PBXFrameworksBuildPhase section */
		7E7385012A779AC50010CA32 /* Frameworks */ = {
			isa = PBXFrameworksBuildPhase;
			buildActionMask = 2147483647;
			files = (
				7EA0A8802A83788F00CD10ED /* Kingfisher in Frameworks */,
				7EA0A87D2A83788300CD10ED /* SwiftyJSON in Frameworks */,
				7EA0A87A2A83787800CD10ED /* Alamofire in Frameworks */,
			);
			runOnlyForDeploymentPostprocessing = 0;
		};
/* End PBXFrameworksBuildPhase section */

/* Begin PBXGroup section */
		7E7384FB2A779AC50010CA32 = {
			isa = PBXGroup;
			children = (
				7E7385062A779AC50010CA32 /* BookWorm */,
				7E7385052A779AC50010CA32 /* Products */,
			);
			sourceTree = "<group>";
		};
		7E7385052A779AC50010CA32 /* Products */ = {
			isa = PBXGroup;
			children = (
				7E7385042A779AC50010CA32 /* BookWorm.app */,
			);
			name = Products;
			sourceTree = "<group>";
		};
		7E7385062A779AC50010CA32 /* BookWorm */ = {
			isa = PBXGroup;
			children = (
				7E7385362A7920A10010CA32 /* Utility */,
				7E7385262A779CBB0010CA32 /* Model */,
				7E73851D2A779B420010CA32 /* Main */,
				7E73853E2A7A301C0010CA32 /* Browse */,
				7E73851E2A779B810010CA32 /* Detail */,
				7E73851F2A779BD10010CA32 /* Search */,
				7E7385072A779AC50010CA32 /* AppDelegate.swift */,
				7E7385092A779AC50010CA32 /* SceneDelegate.swift */,
				7E73850D2A779AC50010CA32 /* Main.storyboard */,
				7E7385102A779AC70010CA32 /* Assets.xcassets */,
				7E7385122A779AC70010CA32 /* LaunchScreen.storyboard */,
				7E7385152A779AC70010CA32 /* Info.plist */,
				7EA0A8812A837CB800CD10ED /* .gitignore */,
			);
			path = BookWorm;
			sourceTree = "<group>";
		};
		7E73851D2A779B420010CA32 /* Main */ = {
			isa = PBXGroup;
			children = (
				7E7385222A779C440010CA32 /* MovieCollectionViewController.swift */,
				7E73852B2A77A1CD0010CA32 /* MovieCollectionViewCell.swift */,
				7E73852C2A77A1CD0010CA32 /* MovieCollectionViewCell.xib */,
			);
			path = Main;
			sourceTree = "<group>";
		};
		7E73851E2A779B810010CA32 /* Detail */ = {
			isa = PBXGroup;
			children = (
				7E73850B2A779AC50010CA32 /* MovieDetailViewController.swift */,
			);
			path = Detail;
			sourceTree = "<group>";
		};
		7E73851F2A779BD10010CA32 /* Search */ = {
			isa = PBXGroup;
			children = (
				7E7385242A779C670010CA32 /* SearchViewController.swift */,
			);
			path = Search;
			sourceTree = "<group>";
		};
		7E7385262A779CBB0010CA32 /* Model */ = {
			isa = PBXGroup;
			children = (
				7E7385272A779CCA0010CA32 /* Movie.swift */,
				7E7385292A779CD90010CA32 /* MovieData.swift */,
			);
			path = Model;
			sourceTree = "<group>";
		};
		7E7385362A7920A10010CA32 /* Utility */ = {
			isa = PBXGroup;
			children = (
				7E7385372A7920AD0010CA32 /* Extension+UIView.swift */,
			);
			path = Utility;
			sourceTree = "<group>";
		};
		7E73853E2A7A301C0010CA32 /* Browse */ = {
			isa = PBXGroup;
			children = (
				7E73853F2A7A30760010CA32 /* BrowseViewController.swift */,
				7E7385452A7A31D30010CA32 /* BrowseTableViewCell.swift */,
				7E7385462A7A31D30010CA32 /* BrowseTableViewCell.xib */,
				7E73854B2A7A3D530010CA32 /* BrowseCollectionViewCell.swift */,
				7E73854C2A7A3D530010CA32 /* BrowseCollectionViewCell.xib */,
			);
			path = Browse;
			sourceTree = "<group>";
		};
/* End PBXGroup section */

/* Begin PBXNativeTarget section */
		7E7385032A779AC50010CA32 /* BookWorm */ = {
			isa = PBXNativeTarget;
			buildConfigurationList = 7E7385182A779AC70010CA32 /* Build configuration list for PBXNativeTarget "BookWorm" */;
			buildPhases = (
				7E7385002A779AC50010CA32 /* Sources */,
				7E7385012A779AC50010CA32 /* Frameworks */,
				7E7385022A779AC50010CA32 /* Resources */,
			);
			buildRules = (
			);
			dependencies = (
			);
			name = BookWorm;
			packageProductDependencies = (
				7EA0A8792A83787800CD10ED /* Alamofire */,
				7EA0A87C2A83788300CD10ED /* SwiftyJSON */,
				7EA0A87F2A83788F00CD10ED /* Kingfisher */,
			);
			productName = BookWorm;
			productReference = 7E7385042A779AC50010CA32 /* BookWorm.app */;
			productType = "com.apple.product-type.application";
		};
/* End PBXNativeTarget section */

/* Begin PBXProject section */
		7E7384FC2A779AC50010CA32 /* Project object */ = {
			isa = PBXProject;
			attributes = {
				BuildIndependentTargetsInParallel = 1;
				LastSwiftUpdateCheck = 1430;
				LastUpgradeCheck = 1430;
				TargetAttributes = {
					7E7385032A779AC50010CA32 = {
						CreatedOnToolsVersion = 14.3.1;
					};
				};
			};
			buildConfigurationList = 7E7384FF2A779AC50010CA32 /* Build configuration list for PBXProject "BookWorm" */;
			compatibilityVersion = "Xcode 14.0";
			developmentRegion = en;
			hasScannedForEncodings = 0;
			knownRegions = (
				en,
				Base,
			);
			mainGroup = 7E7384FB2A779AC50010CA32;
			packageReferences = (
				7EA0A8782A83787800CD10ED /* XCRemoteSwiftPackageReference "Alamofire" */,
				7EA0A87B2A83788300CD10ED /* XCRemoteSwiftPackageReference "SwiftyJSON" */,
				7EA0A87E2A83788F00CD10ED /* XCRemoteSwiftPackageReference "Kingfisher" */,
			);
			productRefGroup = 7E7385052A779AC50010CA32 /* Products */;
			projectDirPath = "";
			projectRoot = "";
			targets = (
				7E7385032A779AC50010CA32 /* BookWorm */,
			);
		};
/* End PBXProject section */

/* Begin PBXResourcesBuildPhase section */
		7E7385022A779AC50010CA32 /* Resources */ = {
			isa = PBXResourcesBuildPhase;
			buildActionMask = 2147483647;
			files = (
				7E7385482A7A31D30010CA32 /* BrowseTableViewCell.xib in Resources */,
				7EA0A8822A837CB800CD10ED /* .gitignore in Resources */,
				7E7385142A779AC70010CA32 /* LaunchScreen.storyboard in Resources */,
				7E73854E2A7A3D530010CA32 /* BrowseCollectionViewCell.xib in Resources */,
				7E7385112A779AC70010CA32 /* Assets.xcassets in Resources */,
				7E73850F2A779AC50010CA32 /* Main.storyboard in Resources */,
				7E73852E2A77A1CD0010CA32 /* MovieCollectionViewCell.xib in Resources */,
			);
			runOnlyForDeploymentPostprocessing = 0;
		};
/* End PBXResourcesBuildPhase section */

/* Begin PBXSourcesBuildPhase section */
		7E7385002A779AC50010CA32 /* Sources */ = {
			isa = PBXSourcesBuildPhase;
			buildActionMask = 2147483647;
			files = (
				7E73852A2A779CD90010CA32 /* MovieData.swift in Sources */,
				7E7385252A779C670010CA32 /* SearchViewController.swift in Sources */,
				7E73850C2A779AC50010CA32 /* MovieDetailViewController.swift in Sources */,
				7E7385282A779CCA0010CA32 /* Movie.swift in Sources */,
				7E7385402A7A30760010CA32 /* BrowseViewController.swift in Sources */,
				7E7385472A7A31D30010CA32 /* BrowseTableViewCell.swift in Sources */,
				7E73854D2A7A3D530010CA32 /* BrowseCollectionViewCell.swift in Sources */,
				7E7385232A779C440010CA32 /* MovieCollectionViewController.swift in Sources */,
				7E7385082A779AC50010CA32 /* AppDelegate.swift in Sources */,
				7E73850A2A779AC50010CA32 /* SceneDelegate.swift in Sources */,
				7E73852D2A77A1CD0010CA32 /* MovieCollectionViewCell.swift in Sources */,
				7E7385382A7920AD0010CA32 /* Extension+UIView.swift in Sources */,
			);
			runOnlyForDeploymentPostprocessing = 0;
		};
/* End PBXSourcesBuildPhase section */

/* Begin PBXVariantGroup section */
		7E73850D2A779AC50010CA32 /* Main.storyboard */ = {
			isa = PBXVariantGroup;
			children = (
				7E73850E2A779AC50010CA32 /* Base */,
			);
			name = Main.storyboard;
			sourceTree = "<group>";
		};
		7E7385122A779AC70010CA32 /* LaunchScreen.storyboard */ = {
			isa = PBXVariantGroup;
			children = (
				7E7385132A779AC70010CA32 /* Base */,
			);
			name = LaunchScreen.storyboard;
			sourceTree = "<group>";
		};
/* End PBXVariantGroup section */

/* Begin XCBuildConfiguration section */
		7E7385162A779AC70010CA32 /* Debug */ = {
			isa = XCBuildConfiguration;
			buildSettings = {
				ALWAYS_SEARCH_USER_PATHS = NO;
				CLANG_ANALYZER_NONNULL = YES;
				CLANG_ANALYZER_NUMBER_OBJECT_CONVERSION = YES_AGGRESSIVE;
				CLANG_CXX_LANGUAGE_STANDARD = "gnu++20";
				CLANG_ENABLE_MODULES = YES;
				CLANG_ENABLE_OBJC_ARC = YES;
				CLANG_ENABLE_OBJC_WEAK = YES;
				CLANG_WARN_BLOCK_CAPTURE_AUTORELEASING = YES;
				CLANG_WARN_BOOL_CONVERSION = YES;
				CLANG_WARN_COMMA = YES;
				CLANG_WARN_CONSTANT_CONVERSION = YES;
				CLANG_WARN_DEPRECATED_OBJC_IMPLEMENTATIONS = YES;
				CLANG_WARN_DIRECT_OBJC_ISA_USAGE = YES_ERROR;
				CLANG_WARN_DOCUMENTATION_COMMENTS = YES;
				CLANG_WARN_EMPTY_BODY = YES;
				CLANG_WARN_ENUM_CONVERSION = YES;
				CLANG_WARN_INFINITE_RECURSION = YES;
				CLANG_WARN_INT_CONVERSION = YES;
				CLANG_WARN_NON_LITERAL_NULL_CONVERSION = YES;
				CLANG_WARN_OBJC_IMPLICIT_RETAIN_SELF = YES;
				CLANG_WARN_OBJC_LITERAL_CONVERSION = YES;
				CLANG_WARN_OBJC_ROOT_CLASS = YES_ERROR;
				CLANG_WARN_QUOTED_INCLUDE_IN_FRAMEWORK_HEADER = YES;
				CLANG_WARN_RANGE_LOOP_ANALYSIS = YES;
				CLANG_WARN_STRICT_PROTOTYPES = YES;
				CLANG_WARN_SUSPICIOUS_MOVE = YES;
				CLANG_WARN_UNGUARDED_AVAILABILITY = YES_AGGRESSIVE;
				CLANG_WARN_UNREACHABLE_CODE = YES;
				CLANG_WARN__DUPLICATE_METHOD_MATCH = YES;
				COPY_PHASE_STRIP = NO;
				DEBUG_INFORMATION_FORMAT = dwarf;
				ENABLE_STRICT_OBJC_MSGSEND = YES;
				ENABLE_TESTABILITY = YES;
				GCC_C_LANGUAGE_STANDARD = gnu11;
				GCC_DYNAMIC_NO_PIC = NO;
				GCC_NO_COMMON_BLOCKS = YES;
				GCC_OPTIMIZATION_LEVEL = 0;
				GCC_PREPROCESSOR_DEFINITIONS = (
					"DEBUG=1",
					"$(inherited)",
				);
				GCC_WARN_64_TO_32_BIT_CONVERSION = YES;
				GCC_WARN_ABOUT_RETURN_TYPE = YES_ERROR;
				GCC_WARN_UNDECLARED_SELECTOR = YES;
				GCC_WARN_UNINITIALIZED_AUTOS = YES_AGGRESSIVE;
				GCC_WARN_UNUSED_FUNCTION = YES;
				GCC_WARN_UNUSED_VARIABLE = YES;
				IPHONEOS_DEPLOYMENT_TARGET = 16.4;
				MTL_ENABLE_DEBUG_INFO = INCLUDE_SOURCE;
				MTL_FAST_MATH = YES;
				ONLY_ACTIVE_ARCH = YES;
				SDKROOT = iphoneos;
				SWIFT_ACTIVE_COMPILATION_CONDITIONS = DEBUG;
				SWIFT_OPTIMIZATION_LEVEL = "-Onone";
			};
			name = Debug;
		};
		7E7385172A779AC70010CA32 /* Release */ = {
			isa = XCBuildConfiguration;
			buildSettings = {
				ALWAYS_SEARCH_USER_PATHS = NO;
				CLANG_ANALYZER_NONNULL = YES;
				CLANG_ANALYZER_NUMBER_OBJECT_CONVERSION = YES_AGGRESSIVE;
				CLANG_CXX_LANGUAGE_STANDARD = "gnu++20";
				CLANG_ENABLE_MODULES = YES;
				CLANG_ENABLE_OBJC_ARC = YES;
				CLANG_ENABLE_OBJC_WEAK = YES;
				CLANG_WARN_BLOCK_CAPTURE_AUTORELEASING = YES;
				CLANG_WARN_BOOL_CONVERSION = YES;
				CLANG_WARN_COMMA = YES;
				CLANG_WARN_CONSTANT_CONVERSION = YES;
				CLANG_WARN_DEPRECATED_OBJC_IMPLEMENTATIONS = YES;
				CLANG_WARN_DIRECT_OBJC_ISA_USAGE = YES_ERROR;
				CLANG_WARN_DOCUMENTATION_COMMENTS = YES;
				CLANG_WARN_EMPTY_BODY = YES;
				CLANG_WARN_ENUM_CONVERSION = YES;
				CLANG_WARN_INFINITE_RECURSION = YES;
				CLANG_WARN_INT_CONVERSION = YES;
				CLANG_WARN_NON_LITERAL_NULL_CONVERSION = YES;
				CLANG_WARN_OBJC_IMPLICIT_RETAIN_SELF = YES;
				CLANG_WARN_OBJC_LITERAL_CONVERSION = YES;
				CLANG_WARN_OBJC_ROOT_CLASS = YES_ERROR;
				CLANG_WARN_QUOTED_INCLUDE_IN_FRAMEWORK_HEADER = YES;
				CLANG_WARN_RANGE_LOOP_ANALYSIS = YES;
				CLANG_WARN_STRICT_PROTOTYPES = YES;
				CLANG_WARN_SUSPICIOUS_MOVE = YES;
				CLANG_WARN_UNGUARDED_AVAILABILITY = YES_AGGRESSIVE;
				CLANG_WARN_UNREACHABLE_CODE = YES;
				CLANG_WARN__DUPLICATE_METHOD_MATCH = YES;
				COPY_PHASE_STRIP = NO;
				DEBUG_INFORMATION_FORMAT = "dwarf-with-dsym";
				ENABLE_NS_ASSERTIONS = NO;
				ENABLE_STRICT_OBJC_MSGSEND = YES;
				GCC_C_LANGUAGE_STANDARD = gnu11;
				GCC_NO_COMMON_BLOCKS = YES;
				GCC_WARN_64_TO_32_BIT_CONVERSION = YES;
				GCC_WARN_ABOUT_RETURN_TYPE = YES_ERROR;
				GCC_WARN_UNDECLARED_SELECTOR = YES;
				GCC_WARN_UNINITIALIZED_AUTOS = YES_AGGRESSIVE;
				GCC_WARN_UNUSED_FUNCTION = YES;
				GCC_WARN_UNUSED_VARIABLE = YES;
				IPHONEOS_DEPLOYMENT_TARGET = 16.4;
				MTL_ENABLE_DEBUG_INFO = NO;
				MTL_FAST_MATH = YES;
				SDKROOT = iphoneos;
				SWIFT_COMPILATION_MODE = wholemodule;
				SWIFT_OPTIMIZATION_LEVEL = "-O";
				VALIDATE_PRODUCT = YES;
			};
			name = Release;
		};
		7E7385192A779AC70010CA32 /* Debug */ = {
			isa = XCBuildConfiguration;
			buildSettings = {
				ASSETCATALOG_COMPILER_APPICON_NAME = AppIcon;
				ASSETCATALOG_COMPILER_GLOBAL_ACCENT_COLOR_NAME = AccentColor;
				CODE_SIGN_STYLE = Automatic;
				CURRENT_PROJECT_VERSION = 1;
				GENERATE_INFOPLIST_FILE = YES;
				INFOPLIST_FILE = BookWorm/Info.plist;
				INFOPLIST_KEY_UIApplicationSupportsIndirectInputEvents = YES;
				INFOPLIST_KEY_UILaunchStoryboardName = LaunchScreen;
				INFOPLIST_KEY_UIMainStoryboardFile = Main;
				INFOPLIST_KEY_UISupportedInterfaceOrientations = UIInterfaceOrientationPortrait;
				INFOPLIST_KEY_UISupportedInterfaceOrientations_iPad = "UIInterfaceOrientationLandscapeLeft UIInterfaceOrientationLandscapeRight UIInterfaceOrientationPortrait UIInterfaceOrientationPortraitUpsideDown";
				IPHONEOS_DEPLOYMENT_TARGET = 16.0;
				LD_RUNPATH_SEARCH_PATHS = (
					"$(inherited)",
					"@executable_path/Frameworks",
				);
				MARKETING_VERSION = 1.0;
				PRODUCT_BUNDLE_IDENTIFIER = com.sesacRain.BookWorm;
				PRODUCT_NAME = "$(TARGET_NAME)";
				SUPPORTED_PLATFORMS = "iphoneos iphonesimulator";
				SUPPORTS_MACCATALYST = NO;
				SUPPORTS_MAC_DESIGNED_FOR_IPHONE_IPAD = NO;
				SWIFT_EMIT_LOC_STRINGS = YES;
				SWIFT_VERSION = 5.0;
				TARGETED_DEVICE_FAMILY = 1;
			};
			name = Debug;
		};
		7E73851A2A779AC70010CA32 /* Release */ = {
			isa = XCBuildConfiguration;
			buildSettings = {
				ASSETCATALOG_COMPILER_APPICON_NAME = AppIcon;
				ASSETCATALOG_COMPILER_GLOBAL_ACCENT_COLOR_NAME = AccentColor;
				CODE_SIGN_STYLE = Automatic;
				CURRENT_PROJECT_VERSION = 1;
				GENERATE_INFOPLIST_FILE = YES;
				INFOPLIST_FILE = BookWorm/Info.plist;
				INFOPLIST_KEY_UIApplicationSupportsIndirectInputEvents = YES;
				INFOPLIST_KEY_UILaunchStoryboardName = LaunchScreen;
				INFOPLIST_KEY_UIMainStoryboardFile = Main;
				INFOPLIST_KEY_UISupportedInterfaceOrientations = UIInterfaceOrientationPortrait;
				INFOPLIST_KEY_UISupportedInterfaceOrientations_iPad = "UIInterfaceOrientationLandscapeLeft UIInterfaceOrientationLandscapeRight UIInterfaceOrientationPortrait UIInterfaceOrientationPortraitUpsideDown";
				IPHONEOS_DEPLOYMENT_TARGET = 16.0;
				LD_RUNPATH_SEARCH_PATHS = (
					"$(inherited)",
					"@executable_path/Frameworks",
				);
				MARKETING_VERSION = 1.0;
				PRODUCT_BUNDLE_IDENTIFIER = com.sesacRain.BookWorm;
				PRODUCT_NAME = "$(TARGET_NAME)";
				SUPPORTED_PLATFORMS = "iphoneos iphonesimulator";
				SUPPORTS_MACCATALYST = NO;
				SUPPORTS_MAC_DESIGNED_FOR_IPHONE_IPAD = NO;
				SWIFT_EMIT_LOC_STRINGS = YES;
				SWIFT_VERSION = 5.0;
				TARGETED_DEVICE_FAMILY = 1;
			};
			name = Release;
		};
/* End XCBuildConfiguration section */

/* Begin XCConfigurationList section */
		7E7384FF2A779AC50010CA32 /* Build configuration list for PBXProject "BookWorm" */ = {
			isa = XCConfigurationList;
			buildConfigurations = (
				7E7385162A779AC70010CA32 /* Debug */,
				7E7385172A779AC70010CA32 /* Release */,
			);
			defaultConfigurationIsVisible = 0;
			defaultConfigurationName = Release;
		};
		7E7385182A779AC70010CA32 /* Build configuration list for PBXNativeTarget "BookWorm" */ = {
			isa = XCConfigurationList;
			buildConfigurations = (
				7E7385192A779AC70010CA32 /* Debug */,
				7E73851A2A779AC70010CA32 /* Release */,
			);
			defaultConfigurationIsVisible = 0;
			defaultConfigurationName = Release;
		};
/* End XCConfigurationList section */

/* Begin XCRemoteSwiftPackageReference section */
		7EA0A8782A83787800CD10ED /* XCRemoteSwiftPackageReference "Alamofire" */ = {
			isa = XCRemoteSwiftPackageReference;
			repositoryURL = "https://github.com/Alamofire/Alamofire";
			requirement = {
				kind = upToNextMajorVersion;
				minimumVersion = 5.0.0;
			};
		};
		7EA0A87B2A83788300CD10ED /* XCRemoteSwiftPackageReference "SwiftyJSON" */ = {
			isa = XCRemoteSwiftPackageReference;
			repositoryURL = "https://github.com/SwiftyJSON/SwiftyJSON.git";
			requirement = {
				kind = upToNextMajorVersion;
				minimumVersion = 5.0.0;
			};
		};
		7EA0A87E2A83788F00CD10ED /* XCRemoteSwiftPackageReference "Kingfisher" */ = {
			isa = XCRemoteSwiftPackageReference;
			repositoryURL = "https://github.com/onevcat/Kingfisher.git";
			requirement = {
				kind = upToNextMajorVersion;
				minimumVersion = 7.0.0;
			};
		};
/* End XCRemoteSwiftPackageReference section */

/* Begin XCSwiftPackageProductDependency section */
		7EA0A8792A83787800CD10ED /* Alamofire */ = {
			isa = XCSwiftPackageProductDependency;
			package = 7EA0A8782A83787800CD10ED /* XCRemoteSwiftPackageReference "Alamofire" */;
			productName = Alamofire;
		};
		7EA0A87C2A83788300CD10ED /* SwiftyJSON */ = {
			isa = XCSwiftPackageProductDependency;
			package = 7EA0A87B2A83788300CD10ED /* XCRemoteSwiftPackageReference "SwiftyJSON" */;
			productName = SwiftyJSON;
		};
		7EA0A87F2A83788F00CD10ED /* Kingfisher */ = {
			isa = XCSwiftPackageProductDependency;
			package = 7EA0A87E2A83788F00CD10ED /* XCRemoteSwiftPackageReference "Kingfisher" */;
			productName = Kingfisher;
		};
/* End XCSwiftPackageProductDependency section */
	};
	rootObject = 7E7384FC2A779AC50010CA32 /* Project object */;
}
